
Microsoft Visual Studio Solution File, Format Version 12.00
# Visual Studio 15
VisualStudioVersion = 15.0.28307.1259
MinimumVisualStudioVersion = 10.0.40219.1
Project("{FAE04EC0-301F-11D3-BF4B-00C04F79EFBC}") = "KuleOtomasyon", "KuleOtomasyon\KuleOtomasyon.csproj", "{E1BFEEC0-4DDE-4CDA-9BE1-8D2DE41458B3}"
EndProject
Global
	GlobalSection(SolutionConfigurationPlatforms) = preSolution
		Debug|Any CPU = Debug|Any CPU
		Release|Any CPU = Release|Any CPU
	EndGlobalSection
	GlobalSection(ProjectConfigurationPlatforms) = postSolution
		{E1BFEEC0-4DDE-4CDA-9BE1-8D2DE41458B3}.Debug|Any CPU.ActiveCfg = Debug|Any CPU
		{E1BFEEC0-4DDE-4CDA-9BE1-8D2DE41458B3}.Debug|Any CPU.Build.0 = Debug|Any CPU
		{E1BFEEC0-4DDE-4CDA-9BE1-8D2DE41458B3}.Release|Any CPU.ActiveCfg = Release|Any CPU
		{E1BFEEC0-4DDE-4CDA-9BE1-8D2DE41458B3}.Release|Any CPU.Build.0 = Release|Any CPU
	EndGlobalSection
	GlobalSection(SolutionProperties) = preSolution
		HideSolutionNode = FALSE
	EndGlobalSection
	GlobalSection(ExtensibilityGlobals) = postSolution
		SolutionGuid = {1D42F504-8F84-435F-8527-FBD727C3D939}
	EndGlobalSection
EndGlobal
